
Microsoft Visual Studio Solution File, Format Version 12.00
# Visual Studio Version 16
VisualStudioVersion = 16.0.30225.117
MinimumVisualStudioVersion = 15.0.26124.0
Project("{2150E333-8FDC-42A3-9474-1A3956D46DE8}") = "azure-pipelines", "azure-pipelines", "{5D62767F-041B-473A-A017-A0DE32D0D7CF}"
EndProject
Project("{2150E333-8FDC-42A3-9474-1A3956D46DE8}") = "dotnet-common", "dotnet-common", "{D2E05893-B7DD-4F82-9E84-E25457390DD6}"
EndProject
Project("{2150E333-8FDC-42A3-9474-1A3956D46DE8}") = "src", "src", "{6DD7E557-7DD4-4641-A7CB-20C37D032F57}"
EndProject
Project("{9A19103F-16F7-4668-BE54-9A1E7A4F7556}") = "THNETII.Common", "azure-pipelines\dotnet-common\src\THNETII.Common\THNETII.Common.csproj", "{9CE15EE3-FCD6-4FA1-A16C-07F6306AE579}"
EndProject
Project("{9A19103F-16F7-4668-BE54-9A1E7A4F7556}") = "THNETII.TypeConverter", "azure-pipelines\dotnet-common\src\THNETII.TypeConverter\THNETII.TypeConverter.csproj", "{DA23E0AC-6B47-4FD8-B325-22EE6E66555F}"
EndProject
Project("{9A19103F-16F7-4668-BE54-9A1E7A4F7556}") = "THNETII.TypeConverter.Serialization", "azure-pipelines\dotnet-common\src\THNETII.TypeConverter.Serialization\THNETII.TypeConverter.Serialization.csproj", "{5BBF1B74-BBE0-4CCA-8017-989AB5107C3E}"
EndProject
Project("{2150E333-8FDC-42A3-9474-1A3956D46DE8}") = "src", "src", "{6CD734FA-A482-47B8-A33A-8C5C92F34DEF}"
EndProject
Project("{9A19103F-16F7-4668-BE54-9A1E7A4F7556}") = "THNETII.AzureDevOps.Pipelines.VstsTaskSdk", "azure-pipelines\src\THNETII.AzureDevOps.Pipelines.VstsTaskSdk\THNETII.AzureDevOps.Pipelines.VstsTaskSdk.csproj", "{E01AD527-FEFC-4795-BA36-3682C2E217FB}"
EndProject
Project("{9A19103F-16F7-4668-BE54-9A1E7A4F7556}") = "THNETII.AzureDevOps.Pipelines.Logging", "azure-pipelines\src\THNETII.AzureDevOps.Pipelines.Logging\THNETII.AzureDevOps.Pipelines.Logging.csproj", "{6A5B8EBB-38C4-4656-9810-B59CF3BA6202}"
EndProject
Project("{2150E333-8FDC-42A3-9474-1A3956D46DE8}") = "Solution Items", "Solution Items", "{25085550-9471-4990-A1C2-13DE3DB2F371}"
	ProjectSection(SolutionItems) = preProject
		.editorconfig = .editorconfig
		.gitattributes = .gitattributes
		.gitignore = .gitignore
		.gitmodules = .gitmodules
		AllRules.ruleset = AllRules.ruleset
		Directory.Build.props = Directory.Build.props
		Directory.Build.targets = Directory.Build.targets
		Directory.Meta.props = Directory.Meta.props
		Directory.Version.props = Directory.Version.props
		LICENSE = LICENSE
	EndProjectSection
EndProject
Global
	GlobalSection(SolutionConfigurationPlatforms) = preSolution
		Debug|Any CPU = Debug|Any CPU
		Debug|x64 = Debug|x64
		Debug|x86 = Debug|x86
		Release|Any CPU = Release|Any CPU
		Release|x64 = Release|x64
		Release|x86 = Release|x86
	EndGlobalSection
	GlobalSection(ProjectConfigurationPlatforms) = postSolution
		{9CE15EE3-FCD6-4FA1-A16C-07F6306AE579}.Debug|Any CPU.ActiveCfg = Debug|Any CPU
		{9CE15EE3-FCD6-4FA1-A16C-07F6306AE579}.Debug|Any CPU.Build.0 = Debug|Any CPU
		{9CE15EE3-FCD6-4FA1-A16C-07F6306AE579}.Debug|x64.ActiveCfg = Debug|Any CPU
		{9CE15EE3-FCD6-4FA1-A16C-07F6306AE579}.Debug|x64.Build.0 = Debug|Any CPU
		{9CE15EE3-FCD6-4FA1-A16C-07F6306AE579}.Debug|x86.ActiveCfg = Debug|Any CPU
		{9CE15EE3-FCD6-4FA1-A16C-07F6306AE579}.Debug|x86.Build.0 = Debug|Any CPU
		{9CE15EE3-FCD6-4FA1-A16C-07F6306AE579}.Release|Any CPU.ActiveCfg = Release|Any CPU
		{9CE15EE3-FCD6-4FA1-A16C-07F6306AE579}.Release|Any CPU.Build.0 = Release|Any CPU
		{9CE15EE3-FCD6-4FA1-A16C-07F6306AE579}.Release|x64.ActiveCfg = Release|Any CPU
		{9CE15EE3-FCD6-4FA1-A16C-07F6306AE579}.Release|x64.Build.0 = Release|Any CPU
		{9CE15EE3-FCD6-4FA1-A16C-07F6306AE579}.Release|x86.ActiveCfg = Release|Any CPU
		{9CE15EE3-FCD6-4FA1-A16C-07F6306AE579}.Release|x86.Build.0 = Release|Any CPU
		{DA23E0AC-6B47-4FD8-B325-22EE6E66555F}.Debug|Any CPU.ActiveCfg = Debug|Any CPU
		{DA23E0AC-6B47-4FD8-B325-22EE6E66555F}.Debug|Any CPU.Build.0 = Debug|Any CPU
		{DA23E0AC-6B47-4FD8-B325-22EE6E66555F}.Debug|x64.ActiveCfg = Debug|Any CPU
		{DA23E0AC-6B47-4FD8-B325-22EE6E66555F}.Debug|x64.Build.0 = Debug|Any CPU
		{DA23E0AC-6B47-4FD8-B325-22EE6E66555F}.Debug|x86.ActiveCfg = Debug|Any CPU
		{DA23E0AC-6B47-4FD8-B325-22EE6E66555F}.Debug|x86.Build.0 = Debug|Any CPU
		{DA23E0AC-6B47-4FD8-B325-22EE6E66555F}.Release|Any CPU.ActiveCfg = Release|Any CPU
		{DA23E0AC-6B47-4FD8-B325-22EE6E66555F}.Release|Any CPU.Build.0 = Release|Any CPU
		{DA23E0AC-6B47-4FD8-B325-22EE6E66555F}.Release|x64.ActiveCfg = Release|Any CPU
		{DA23E0AC-6B47-4FD8-B325-22EE6E66555F}.Release|x64.Build.0 = Release|Any CPU
		{DA23E0AC-6B47-4FD8-B325-22EE6E66555F}.Release|x86.ActiveCfg = Release|Any CPU
		{DA23E0AC-6B47-4FD8-B325-22EE6E66555F}.Release|x86.Build.0 = Release|Any CPU
		{5BBF1B74-BBE0-4CCA-8017-989AB5107C3E}.Debug|Any CPU.ActiveCfg = Debug|Any CPU
		{5BBF1B74-BBE0-4CCA-8017-989AB5107C3E}.Debug|Any CPU.Build.0 = Debug|Any CPU
		{5BBF1B74-BBE0-4CCA-8017-989AB5107C3E}.Debug|x64.ActiveCfg = Debug|Any CPU
		{5BBF1B74-BBE0-4CCA-8017-989AB5107C3E}.Debug|x64.Build.0 = Debug|Any CPU
		{5BBF1B74-BBE0-4CCA-8017-989AB5107C3E}.Debug|x86.ActiveCfg = Debug|Any CPU
		{5BBF1B74-BBE0-4CCA-8017-989AB5107C3E}.Debug|x86.Build.0 = Debug|Any CPU
		{5BBF1B74-BBE0-4CCA-8017-989AB5107C3E}.Release|Any CPU.ActiveCfg = Release|Any CPU
		{5BBF1B74-BBE0-4CCA-8017-989AB5107C3E}.Release|Any CPU.Build.0 = Release|Any CPU
		{5BBF1B74-BBE0-4CCA-8017-989AB5107C3E}.Release|x64.ActiveCfg = Release|Any CPU
		{5BBF1B74-BBE0-4CCA-8017-989AB5107C3E}.Release|x64.Build.0 = Release|Any CPU
		{5BBF1B74-BBE0-4CCA-8017-989AB5107C3E}.Release|x86.ActiveCfg = Release|Any CPU
		{5BBF1B74-BBE0-4CCA-8017-989AB5107C3E}.Release|x86.Build.0 = Release|Any CPU
		{E01AD527-FEFC-4795-BA36-3682C2E217FB}.Debug|Any CPU.ActiveCfg = Debug|Any CPU
		{E01AD527-FEFC-4795-BA36-3682C2E217FB}.Debug|Any CPU.Build.0 = Debug|Any CPU
		{E01AD527-FEFC-4795-BA36-3682C2E217FB}.Debug|x64.ActiveCfg = Debug|Any CPU
		{E01AD527-FEFC-4795-BA36-3682C2E217FB}.Debug|x64.Build.0 = Debug|Any CPU
		{E01AD527-FEFC-4795-BA36-3682C2E217FB}.Debug|x86.ActiveCfg = Debug|Any CPU
		{E01AD527-FEFC-4795-BA36-3682C2E217FB}.Debug|x86.Build.0 = Debug|Any CPU
		{E01AD527-FEFC-4795-BA36-3682C2E217FB}.Release|Any CPU.ActiveCfg = Release|Any CPU
		{E01AD527-FEFC-4795-BA36-3682C2E217FB}.Release|Any CPU.Build.0 = Release|Any CPU
		{E01AD527-FEFC-4795-BA36-3682C2E217FB}.Release|x64.ActiveCfg = Release|Any CPU
		{E01AD527-FEFC-4795-BA36-3682C2E217FB}.Release|x64.Build.0 = Release|Any CPU
		{E01AD527-FEFC-4795-BA36-3682C2E217FB}.Release|x86.ActiveCfg = Release|Any CPU
		{E01AD527-FEFC-4795-BA36-3682C2E217FB}.Release|x86.Build.0 = Release|Any CPU
		{6A5B8EBB-38C4-4656-9810-B59CF3BA6202}.Debug|Any CPU.ActiveCfg = Debug|Any CPU
		{6A5B8EBB-38C4-4656-9810-B59CF3BA6202}.Debug|Any CPU.Build.0 = Debug|Any CPU
		{6A5B8EBB-38C4-4656-9810-B59CF3BA6202}.Debug|x64.ActiveCfg = Debug|Any CPU
		{6A5B8EBB-38C4-4656-9810-B59CF3BA6202}.Debug|x64.Build.0 = Debug|Any CPU
		{6A5B8EBB-38C4-4656-9810-B59CF3BA6202}.Debug|x86.ActiveCfg = Debug|Any CPU
		{6A5B8EBB-38C4-4656-9810-B59CF3BA6202}.Debug|x86.Build.0 = Debug|Any CPU
		{6A5B8EBB-38C4-4656-9810-B59CF3BA6202}.Release|Any CPU.ActiveCfg = Release|Any CPU
		{6A5B8EBB-38C4-4656-9810-B59CF3BA6202}.Release|Any CPU.Build.0 = Release|Any CPU
		{6A5B8EBB-38C4-4656-9810-B59CF3BA6202}.Release|x64.ActiveCfg = Release|Any CPU
		{6A5B8EBB-38C4-4656-9810-B59CF3BA6202}.Release|x64.Build.0 = Release|Any CPU
		{6A5B8EBB-38C4-4656-9810-B59CF3BA6202}.Release|x86.ActiveCfg = Release|Any CPU
		{6A5B8EBB-38C4-4656-9810-B59CF3BA6202}.Release|x86.Build.0 = Release|Any CPU
	EndGlobalSection
	GlobalSection(SolutionProperties) = preSolution
		HideSolutionNode = FALSE
	EndGlobalSection
	GlobalSection(NestedProjects) = preSolution
		{D2E05893-B7DD-4F82-9E84-E25457390DD6} = {5D62767F-041B-473A-A017-A0DE32D0D7CF}
		{6DD7E557-7DD4-4641-A7CB-20C37D032F57} = {D2E05893-B7DD-4F82-9E84-E25457390DD6}
		{9CE15EE3-FCD6-4FA1-A16C-07F6306AE579} = {6DD7E557-7DD4-4641-A7CB-20C37D032F57}
		{DA23E0AC-6B47-4FD8-B325-22EE6E66555F} = {6DD7E557-7DD4-4641-A7CB-20C37D032F57}
		{5BBF1B74-BBE0-4CCA-8017-989AB5107C3E} = {6DD7E557-7DD4-4641-A7CB-20C37D032F57}
		{6CD734FA-A482-47B8-A33A-8C5C92F34DEF} = {5D62767F-041B-473A-A017-A0DE32D0D7CF}
		{E01AD527-FEFC-4795-BA36-3682C2E217FB} = {6CD734FA-A482-47B8-A33A-8C5C92F34DEF}
		{6A5B8EBB-38C4-4656-9810-B59CF3BA6202} = {6CD734FA-A482-47B8-A33A-8C5C92F34DEF}
	EndGlobalSection
	GlobalSection(ExtensibilityGlobals) = postSolution
		SolutionGuid = {ADBB3E3D-C66B-47BA-A3A9-2FFF9AC5825F}
	EndGlobalSection
EndGlobal
